// !$*UTF8*$!
{
	archiveVersion = 1;
	classes = {
	};
	objectVersion = 50;
	objects = {

/* Begin PBXBuildFile section */
		AF4246902245F89D004952C8 /* AppDelegate.swift in Sources */ = {isa = PBXBuildFile; fileRef = AF42468F2245F89D004952C8 /* AppDelegate.swift */; };
		AF4246922245F89D004952C8 /* ViewController.swift in Sources */ = {isa = PBXBuildFile; fileRef = AF4246912245F89D004952C8 /* ViewController.swift */; };
		AF4246952245F89D004952C8 /* Main.storyboard in Resources */ = {isa = PBXBuildFile; fileRef = AF4246932245F89D004952C8 /* Main.storyboard */; };
		AF4246972245F8A4004952C8 /* Assets.xcassets in Resources */ = {isa = PBXBuildFile; fileRef = AF4246962245F8A4004952C8 /* Assets.xcassets */; };
		AF42469A2245F8A4004952C8 /* LaunchScreen.storyboard in Resources */ = {isa = PBXBuildFile; fileRef = AF4246982245F8A4004952C8 /* LaunchScreen.storyboard */; };
		AF6D70B82269CAF2008466D4 /* LoadingViewController.swift in Sources */ = {isa = PBXBuildFile; fileRef = AF6D70B72269CAF2008466D4 /* LoadingViewController.swift */; };
		AFC4B87A2246015E0007895C /* GoogleService-Info.plist in Resources */ = {isa = PBXBuildFile; fileRef = AFC4B8792246015E0007895C /* GoogleService-Info.plist */; };
		AFC4B87D22461D360007895C /* Temple.swift in Sources */ = {isa = PBXBuildFile; fileRef = AFC4B87C22461D360007895C /* Temple.swift */; };
		AFC4B87F224629AB0007895C /* TempleListTableViewController.swift in Sources */ = {isa = PBXBuildFile; fileRef = AFC4B87E224629AB0007895C /* TempleListTableViewController.swift */; };
		AFC4B88222463F5F0007895C /* TempleList.xcdatamodeld in Sources */ = {isa = PBXBuildFile; fileRef = AFC4B88022463F5F0007895C /* TempleList.xcdatamodeld */; };
		AFC4B88422463F770007895C /* CoreData.framework in Frameworks */ = {isa = PBXBuildFile; fileRef = AFC4B88322463F770007895C /* CoreData.framework */; };
		F75BBBB0B55838F0CBA93CD5 /* Pods_BlessMpa.framework in Frameworks */ = {isa = PBXBuildFile; fileRef = BAD135D03A59485D28FDBD45 /* Pods_BlessMpa.framework */; };
/* End PBXBuildFile section */

/* Begin PBXFileReference section */
		88DFE8348CB1A75DB64D73DD /* Pods-BlessMpa.debug.xcconfig */ = {isa = PBXFileReference; includeInIndex = 1; lastKnownFileType = text.xcconfig; name = "Pods-BlessMpa.debug.xcconfig"; path = "Pods/Target Support Files/Pods-BlessMpa/Pods-BlessMpa.debug.xcconfig"; sourceTree = "<group>"; };
		AF42468C2245F89D004952C8 /* BlessMpa.app */ = {isa = PBXFileReference; explicitFileType = wrapper.application; includeInIndex = 0; path = BlessMpa.app; sourceTree = BUILT_PRODUCTS_DIR; };
		AF42468F2245F89D004952C8 /* AppDelegate.swift */ = {isa = PBXFileReference; lastKnownFileType = sourcecode.swift; path = AppDelegate.swift; sourceTree = "<group>"; };
		AF4246912245F89D004952C8 /* ViewController.swift */ = {isa = PBXFileReference; lastKnownFileType = sourcecode.swift; path = ViewController.swift; sourceTree = "<group>"; };
		AF4246942245F89D004952C8 /* Base */ = {isa = PBXFileReference; lastKnownFileType = file.storyboard; name = Base; path = Base.lproj/Main.storyboard; sourceTree = "<group>"; };
		AF4246962245F8A4004952C8 /* Assets.xcassets */ = {isa = PBXFileReference; lastKnownFileType = folder.assetcatalog; path = Assets.xcassets; sourceTree = "<group>"; };
		AF4246992245F8A4004952C8 /* Base */ = {isa = PBXFileReference; lastKnownFileType = file.storyboard; name = Base; path = Base.lproj/LaunchScreen.storyboard; sourceTree = "<group>"; };
		AF42469B2245F8A4004952C8 /* Info.plist */ = {isa = PBXFileReference; lastKnownFileType = text.plist.xml; path = Info.plist; sourceTree = "<group>"; };
		AF6D70B72269CAF2008466D4 /* LoadingViewController.swift */ = {isa = PBXFileReference; lastKnownFileType = sourcecode.swift; path = LoadingViewController.swift; sourceTree = "<group>"; };
		AFC4B8792246015E0007895C /* GoogleService-Info.plist */ = {isa = PBXFileReference; fileEncoding = 4; lastKnownFileType = text.plist.xml; path = "GoogleService-Info.plist"; sourceTree = "<group>"; };
		AFC4B87C22461D360007895C /* Temple.swift */ = {isa = PBXFileReference; lastKnownFileType = sourcecode.swift; path = Temple.swift; sourceTree = "<group>"; };
		AFC4B87E224629AB0007895C /* TempleListTableViewController.swift */ = {isa = PBXFileReference; lastKnownFileType = sourcecode.swift; path = TempleListTableViewController.swift; sourceTree = "<group>"; };
		AFC4B88122463F5F0007895C /* TempleList.xcdatamodel */ = {isa = PBXFileReference; lastKnownFileType = wrapper.xcdatamodel; path = TempleList.xcdatamodel; sourceTree = "<group>"; };
		AFC4B88322463F770007895C /* CoreData.framework */ = {isa = PBXFileReference; lastKnownFileType = wrapper.framework; name = CoreData.framework; path = System/Library/Frameworks/CoreData.framework; sourceTree = SDKROOT; };
		BAD135D03A59485D28FDBD45 /* Pods_BlessMpa.framework */ = {isa = PBXFileReference; explicitFileType = wrapper.framework; includeInIndex = 0; path = Pods_BlessMpa.framework; sourceTree = BUILT_PRODUCTS_DIR; };
		E407449A43907F73467CE07C /* Pods-BlessMpa.release.xcconfig */ = {isa = PBXFileReference; includeInIndex = 1; lastKnownFileType = text.xcconfig; name = "Pods-BlessMpa.release.xcconfig"; path = "Pods/Target Support Files/Pods-BlessMpa/Pods-BlessMpa.release.xcconfig"; sourceTree = "<group>"; };
/* End PBXFileReference section */

/* Begin PBXFrameworksBuildPhase section */
		AF4246892245F89D004952C8 /* Frameworks */ = {
			isa = PBXFrameworksBuildPhase;
			buildActionMask = 2147483647;
			files = (
				AFC4B88422463F770007895C /* CoreData.framework in Frameworks */,
				F75BBBB0B55838F0CBA93CD5 /* Pods_BlessMpa.framework in Frameworks */,
			);
			runOnlyForDeploymentPostprocessing = 0;
		};
/* End PBXFrameworksBuildPhase section */

/* Begin PBXGroup section */
		A3C218DA4299B4FD910EBE91 /* Frameworks */ = {
			isa = PBXGroup;
			children = (
				AFC4B88322463F770007895C /* CoreData.framework */,
				BAD135D03A59485D28FDBD45 /* Pods_BlessMpa.framework */,
			);
			name = Frameworks;
			sourceTree = "<group>";
		};
		AF4246832245F89D004952C8 = {
			isa = PBXGroup;
			children = (
				AF42468E2245F89D004952C8 /* BlessMpa */,
				AF42468D2245F89D004952C8 /* Products */,
				F1B793BDCF039BD6FC91577B /* Pods */,
				A3C218DA4299B4FD910EBE91 /* Frameworks */,
			);
			sourceTree = "<group>";
		};
		AF42468D2245F89D004952C8 /* Products */ = {
			isa = PBXGroup;
			children = (
				AF42468C2245F89D004952C8 /* BlessMpa.app */,
			);
			name = Products;
			sourceTree = "<group>";
		};
		AF42468E2245F89D004952C8 /* BlessMpa */ = {
			isa = PBXGroup;
			children = (
				AFC4B8792246015E0007895C /* GoogleService-Info.plist */,
				AFC4B87B22461D250007895C /* Model */,
				AF42468F2245F89D004952C8 /* AppDelegate.swift */,
				AF4246912245F89D004952C8 /* ViewController.swift */,
				AF6D70B72269CAF2008466D4 /* LoadingViewController.swift */,
				AFC4B88022463F5F0007895C /* TempleList.xcdatamodeld */,
				AF4246932245F89D004952C8 /* Main.storyboard */,
				AFC4B87E224629AB0007895C /* TempleListTableViewController.swift */,
				AF4246962245F8A4004952C8 /* Assets.xcassets */,
				AF4246982245F8A4004952C8 /* LaunchScreen.storyboard */,
				AF42469B2245F8A4004952C8 /* Info.plist */,
			);
			path = BlessMpa;
			sourceTree = "<group>";
		};
		AFC4B87B22461D250007895C /* Model */ = {
			isa = PBXGroup;
			children = (
				AFC4B87C22461D360007895C /* Temple.swift */,
			);
			path = Model;
			sourceTree = "<group>";
		};
		F1B793BDCF039BD6FC91577B /* Pods */ = {
			isa = PBXGroup;
			children = (
				88DFE8348CB1A75DB64D73DD /* Pods-BlessMpa.debug.xcconfig */,
				E407449A43907F73467CE07C /* Pods-BlessMpa.release.xcconfig */,
			);
			name = Pods;
			sourceTree = "<group>";
		};
/* End PBXGroup section */

/* Begin PBXNativeTarget section */
		AF42468B2245F89D004952C8 /* BlessMpa */ = {
			isa = PBXNativeTarget;
			buildConfigurationList = AF42469E2245F8A4004952C8 /* Build configuration list for PBXNativeTarget "BlessMpa" */;
			buildPhases = (
				9CA060DC417262B2DFA4D475 /* [CP] Check Pods Manifest.lock */,
				AF4246882245F89D004952C8 /* Sources */,
				AF4246892245F89D004952C8 /* Frameworks */,
				AF42468A2245F89D004952C8 /* Resources */,
				9A741176E598BF6B86515EB3 /* [CP] Embed Pods Frameworks */,
				822604E71B04749BF12A3574 /* [CP] Copy Pods Resources */,
			);
			buildRules = (
			);
			dependencies = (
			);
			name = BlessMpa;
			productName = BlessMpa;
			productReference = AF42468C2245F89D004952C8 /* BlessMpa.app */;
			productType = "com.apple.product-type.application";
		};
/* End PBXNativeTarget section */

/* Begin PBXProject section */
		AF4246842245F89D004952C8 /* Project object */ = {
			isa = PBXProject;
			attributes = {
				LastSwiftUpdateCheck = 1010;
				LastUpgradeCheck = 1010;
				ORGANIZATIONNAME = siusiulala;
				TargetAttributes = {
					AF42468B2245F89D004952C8 = {
						CreatedOnToolsVersion = 10.1;
					};
				};
			};
			buildConfigurationList = AF4246872245F89D004952C8 /* Build configuration list for PBXProject "BlessMpa" */;
			compatibilityVersion = "Xcode 9.3";
			developmentRegion = en;
			hasScannedForEncodings = 0;
			knownRegions = (
				en,
				Base,
			);
			mainGroup = AF4246832245F89D004952C8;
			productRefGroup = AF42468D2245F89D004952C8 /* Products */;
			projectDirPath = "";
			projectRoot = "";
			targets = (
				AF42468B2245F89D004952C8 /* BlessMpa */,
			);
		};
/* End PBXProject section */

/* Begin PBXResourcesBuildPhase section */
		AF42468A2245F89D004952C8 /* Resources */ = {
			isa = PBXResourcesBuildPhase;
			buildActionMask = 2147483647;
			files = (
				AF42469A2245F8A4004952C8 /* LaunchScreen.storyboard in Resources */,
				AFC4B87A2246015E0007895C /* GoogleService-Info.plist in Resources */,
				AF4246972245F8A4004952C8 /* Assets.xcassets in Resources */,
				AF4246952245F89D004952C8 /* Main.storyboard in Resources */,
			);
			runOnlyForDeploymentPostprocessing = 0;
		};
/* End PBXResourcesBuildPhase section */

/* Begin PBXShellScriptBuildPhase section */
		822604E71B04749BF12A3574 /* [CP] Copy Pods Resources */ = {
			isa = PBXShellScriptBuildPhase;
			buildActionMask = 2147483647;
			files = (
			);
			inputPaths = (
			);
			name = "[CP] Copy Pods Resources";
			outputPaths = (
			);
			runOnlyForDeploymentPostprocessing = 0;
			shellPath = /bin/sh;
			shellScript = "\"${SRCROOT}/Pods/Target Support Files/Pods-BlessMpa/Pods-BlessMpa-resources.sh\"\n";
			showEnvVarsInLog = 0;
		};
		9A741176E598BF6B86515EB3 /* [CP] Embed Pods Frameworks */ = {
			isa = PBXShellScriptBuildPhase;
			buildActionMask = 2147483647;
			files = (
			);
			inputPaths = (
				"${SRCROOT}/Pods/Target Support Files/Pods-BlessMpa/Pods-BlessMpa-frameworks.sh",
				"${BUILT_PRODUCTS_DIR}/Alamofire/Alamofire.framework",
				"${BUILT_PRODUCTS_DIR}/AlamofireImage/AlamofireImage.framework",
				"${BUILT_PRODUCTS_DIR}/GoogleUtilities/GoogleUtilities.framework",
				"${BUILT_PRODUCTS_DIR}/SwiftyJSON/SwiftyJSON.framework",
				"${BUILT_PRODUCTS_DIR}/leveldb-library/leveldb.framework",
				"${BUILT_PRODUCTS_DIR}/nanopb/nanopb.framework",
			);
			name = "[CP] Embed Pods Frameworks";
			outputPaths = (
				"${TARGET_BUILD_DIR}/${FRAMEWORKS_FOLDER_PATH}/Alamofire.framework",
				"${TARGET_BUILD_DIR}/${FRAMEWORKS_FOLDER_PATH}/AlamofireImage.framework",
				"${TARGET_BUILD_DIR}/${FRAMEWORKS_FOLDER_PATH}/GoogleUtilities.framework",
				"${TARGET_BUILD_DIR}/${FRAMEWORKS_FOLDER_PATH}/SwiftyJSON.framework",
				"${TARGET_BUILD_DIR}/${FRAMEWORKS_FOLDER_PATH}/leveldb.framework",
				"${TARGET_BUILD_DIR}/${FRAMEWORKS_FOLDER_PATH}/nanopb.framework",
			);
			runOnlyForDeploymentPostprocessing = 0;
			shellPath = /bin/sh;
			shellScript = "\"${SRCROOT}/Pods/Target Support Files/Pods-BlessMpa/Pods-BlessMpa-frameworks.sh\"\n";
			showEnvVarsInLog = 0;
		};
		9CA060DC417262B2DFA4D475 /* [CP] Check Pods Manifest.lock */ = {
			isa = PBXShellScriptBuildPhase;
			buildActionMask = 2147483647;
			files = (
			);
			inputPaths = (
				"${PODS_PODFILE_DIR_PATH}/Podfile.lock",
				"${PODS_ROOT}/Manifest.lock",
			);
			name = "[CP] Check Pods Manifest.lock";
			outputPaths = (
				"$(DERIVED_FILE_DIR)/Pods-BlessMpa-checkManifestLockResult.txt",
			);
			runOnlyForDeploymentPostprocessing = 0;
			shellPath = /bin/sh;
			shellScript = "diff \"${PODS_PODFILE_DIR_PATH}/Podfile.lock\" \"${PODS_ROOT}/Manifest.lock\" > /dev/null\nif [ $? != 0 ] ; then\n    # print error to STDERR\n    echo \"error: The sandbox is not in sync with the Podfile.lock. Run 'pod install' or update your CocoaPods installation.\" >&2\n    exit 1\nfi\n# This output is used by Xcode 'outputs' to avoid re-running this script phase.\necho \"SUCCESS\" > \"${SCRIPT_OUTPUT_FILE_0}\"\n";
			showEnvVarsInLog = 0;
		};
/* End PBXShellScriptBuildPhase section */

/* Begin PBXSourcesBuildPhase section */
		AF4246882245F89D004952C8 /* Sources */ = {
			isa = PBXSourcesBuildPhase;
			buildActionMask = 2147483647;
			files = (
				AFC4B87F224629AB0007895C /* TempleListTableViewController.swift in Sources */,
				AFC4B87D22461D360007895C /* Temple.swift in Sources */,
				AF4246922245F89D004952C8 /* ViewController.swift in Sources */,
				AF4246902245F89D004952C8 /* AppDelegate.swift in Sources */,
				AFC4B88222463F5F0007895C /* TempleList.xcdatamodeld in Sources */,
				AF6D70B82269CAF2008466D4 /* LoadingViewController.swift in Sources */,
			);
			runOnlyForDeploymentPostprocessing = 0;
		};
/* End PBXSourcesBuildPhase section */

/* Begin PBXVariantGroup section */
		AF4246932245F89D004952C8 /* Main.storyboard */ = {
			isa = PBXVariantGroup;
			children = (
				AF4246942245F89D004952C8 /* Base */,
			);
			name = Main.storyboard;
			sourceTree = "<group>";
		};
		AF4246982245F8A4004952C8 /* LaunchScreen.storyboard */ = {
			isa = PBXVariantGroup;
			children = (
				AF4246992245F8A4004952C8 /* Base */,
			);
			name = LaunchScreen.storyboard;
			sourceTree = "<group>";
		};
/* End PBXVariantGroup section */

/* Begin XCBuildConfiguration section */
		AF42469C2245F8A4004952C8 /* Debug */ = {
			isa = XCBuildConfiguration;
			buildSettings = {
				ALWAYS_SEARCH_USER_PATHS = NO;
				CLANG_ANALYZER_NONNULL = YES;
				CLANG_ANALYZER_NUMBER_OBJECT_CONVERSION = YES_AGGRESSIVE;
				CLANG_CXX_LANGUAGE_STANDARD = "gnu++14";
				CLANG_CXX_LIBRARY = "libc++";
				CLANG_ENABLE_MODULES = YES;
				CLANG_ENABLE_OBJC_ARC = YES;
				CLANG_ENABLE_OBJC_WEAK = YES;
				CLANG_WARN_BLOCK_CAPTURE_AUTORELEASING = YES;
				CLANG_WARN_BOOL_CONVERSION = YES;
				CLANG_WARN_COMMA = YES;
				CLANG_WARN_CONSTANT_CONVERSION = YES;
				CLANG_WARN_DEPRECATED_OBJC_IMPLEMENTATIONS = YES;
				CLANG_WARN_DIRECT_OBJC_ISA_USAGE = YES_ERROR;
				CLANG_WARN_DOCUMENTATION_COMMENTS = YES;
				CLANG_WARN_EMPTY_BODY = YES;
				CLANG_WARN_ENUM_CONVERSION = YES;
				CLANG_WARN_INFINITE_RECURSION = YES;
				CLANG_WARN_INT_CONVERSION = YES;
				CLANG_WARN_NON_LITERAL_NULL_CONVERSION = YES;
				CLANG_WARN_OBJC_IMPLICIT_RETAIN_SELF = YES;
				CLANG_WARN_OBJC_LITERAL_CONVERSION = YES;
				CLANG_WARN_OBJC_ROOT_CLASS = YES_ERROR;
				CLANG_WARN_RANGE_LOOP_ANALYSIS = YES;
				CLANG_WARN_STRICT_PROTOTYPES = YES;
				CLANG_WARN_SUSPICIOUS_MOVE = YES;
				CLANG_WARN_UNGUARDED_AVAILABILITY = YES_AGGRESSIVE;
				CLANG_WARN_UNREACHABLE_CODE = YES;
				CLANG_WARN__DUPLICATE_METHOD_MATCH = YES;
				CODE_SIGN_IDENTITY = "iPhone Developer";
				COPY_PHASE_STRIP = NO;
				DEBUG_INFORMATION_FORMAT = dwarf;
				ENABLE_STRICT_OBJC_MSGSEND = YES;
				ENABLE_TESTABILITY = YES;
				GCC_C_LANGUAGE_STANDARD = gnu11;
				GCC_DYNAMIC_NO_PIC = NO;
				GCC_NO_COMMON_BLOCKS = YES;
				GCC_OPTIMIZATION_LEVEL = 0;
				GCC_PREPROCESSOR_DEFINITIONS = (
					"DEBUG=1",
					"$(inherited)",
				);
				GCC_WARN_64_TO_32_BIT_CONVERSION = YES;
				GCC_WARN_ABOUT_RETURN_TYPE = YES_ERROR;
				GCC_WARN_UNDECLARED_SELECTOR = YES;
				GCC_WARN_UNINITIALIZED_AUTOS = YES_AGGRESSIVE;
				GCC_WARN_UNUSED_FUNCTION = YES;
				GCC_WARN_UNUSED_VARIABLE = YES;
				IPHONEOS_DEPLOYMENT_TARGET = 12.1;
				MTL_ENABLE_DEBUG_INFO = INCLUDE_SOURCE;
				MTL_FAST_MATH = YES;
				ONLY_ACTIVE_ARCH = YES;
				SDKROOT = iphoneos;
				SWIFT_ACTIVE_COMPILATION_CONDITIONS = DEBUG;
				SWIFT_OPTIMIZATION_LEVEL = "-Onone";
			};
			name = Debug;
		};
		AF42469D2245F8A4004952C8 /* Release */ = {
			isa = XCBuildConfiguration;
			buildSettings = {
				ALWAYS_SEARCH_USER_PATHS = NO;
				CLANG_ANALYZER_NONNULL = YES;
				CLANG_ANALYZER_NUMBER_OBJECT_CONVERSION = YES_AGGRESSIVE;
				CLANG_CXX_LANGUAGE_STANDARD = "gnu++14";
				CLANG_CXX_LIBRARY = "libc++";
				CLANG_ENABLE_MODULES = YES;
				CLANG_ENABLE_OBJC_ARC = YES;
				CLANG_ENABLE_OBJC_WEAK = YES;
				CLANG_WARN_BLOCK_CAPTURE_AUTORELEASING = YES;
				CLANG_WARN_BOOL_CONVERSION = YES;
				CLANG_WARN_COMMA = YES;
				CLANG_WARN_CONSTANT_CONVERSION = YES;
				CLANG_WARN_DEPRECATED_OBJC_IMPLEMENTATIONS = YES;
				CLANG_WARN_DIRECT_OBJC_ISA_USAGE = YES_ERROR;
				CLANG_WARN_DOCUMENTATION_COMMENTS = YES;
				CLANG_WARN_EMPTY_BODY = YES;
				CLANG_WARN_ENUM_CONVERSION = YES;
				CLANG_WARN_INFINITE_RECURSION = YES;
				CLANG_WARN_INT_CONVERSION = YES;
				CLANG_WARN_NON_LITERAL_NULL_CONVERSION = YES;
				CLANG_WARN_OBJC_IMPLICIT_RETAIN_SELF = YES;
				CLANG_WARN_OBJC_LITERAL_CONVERSION = YES;
				CLANG_WARN_OBJC_ROOT_CLASS = YES_ERROR;
				CLANG_WARN_RANGE_LOOP_ANALYSIS = YES;
				CLANG_WARN_STRICT_PROTOTYPES = YES;
				CLANG_WARN_SUSPICIOUS_MOVE = YES;
				CLANG_WARN_UNGUARDED_AVAILABILITY = YES_AGGRESSIVE;
				CLANG_WARN_UNREACHABLE_CODE = YES;
				CLANG_WARN__DUPLICATE_METHOD_MATCH = YES;
				CODE_SIGN_IDENTITY = "iPhone Developer";
				COPY_PHASE_STRIP = NO;
				DEBUG_INFORMATION_FORMAT = "dwarf-with-dsym";
				ENABLE_NS_ASSERTIONS = NO;
				ENABLE_STRICT_OBJC_MSGSEND = YES;
				GCC_C_LANGUAGE_STANDARD = gnu11;
				GCC_NO_COMMON_BLOCKS = YES;
				GCC_WARN_64_TO_32_BIT_CONVERSION = YES;
				GCC_WARN_ABOUT_RETURN_TYPE = YES_ERROR;
				GCC_WARN_UNDECLARED_SELECTOR = YES;
				GCC_WARN_UNINITIALIZED_AUTOS = YES_AGGRESSIVE;
				GCC_WARN_UNUSED_FUNCTION = YES;
				GCC_WARN_UNUSED_VARIABLE = YES;
				IPHONEOS_DEPLOYMENT_TARGET = 12.1;
				MTL_ENABLE_DEBUG_INFO = NO;
				MTL_FAST_MATH = YES;
				SDKROOT = iphoneos;
				SWIFT_COMPILATION_MODE = wholemodule;
				SWIFT_OPTIMIZATION_LEVEL = "-O";
				VALIDATE_PRODUCT = YES;
			};
			name = Release;
		};
		AF42469F2245F8A4004952C8 /* Debug */ = {
			isa = XCBuildConfiguration;
			baseConfigurationReference = 88DFE8348CB1A75DB64D73DD /* Pods-BlessMpa.debug.xcconfig */;
			buildSettings = {
				ASSETCATALOG_COMPILER_APPICON_NAME = AppIcon;
				CODE_SIGN_STYLE = Automatic;
				DEVELOPMENT_TEAM = M6YNSGHTE9;
				INFOPLIST_FILE = BlessMpa/Info.plist;
				LD_RUNPATH_SEARCH_PATHS = (
					"$(inherited)",
					"@executable_path/Frameworks",
				);
				PRODUCT_BUNDLE_IDENTIFIER = siusiulala.BlessMap;
				PRODUCT_NAME = "$(TARGET_NAME)";
				SWIFT_VERSION = 4.2;
				TARGETED_DEVICE_FAMILY = "1,2";
			};
			name = Debug;
		};
		AF4246A02245F8A4004952C8 /* Release */ = {
			isa = XCBuildConfiguration;
			baseConfigurationReference = E407449A43907F73467CE07C /* Pods-BlessMpa.release.xcconfig */;
			buildSettings = {
				ASSETCATALOG_COMPILER_APPICON_NAME = AppIcon;
				CODE_SIGN_STYLE = Automatic;
				DEVELOPMENT_TEAM = M6YNSGHTE9;
				INFOPLIST_FILE = BlessMpa/Info.plist;
				LD_RUNPATH_SEARCH_PATHS = (
					"$(inherited)",
					"@executable_path/Frameworks",
				);
				PRODUCT_BUNDLE_IDENTIFIER = siusiulala.BlessMap;
				PRODUCT_NAME = "$(TARGET_NAME)";
				SWIFT_VERSION = 4.2;
				TARGETED_DEVICE_FAMILY = "1,2";
			};
			name = Release;
		};
/* End XCBuildConfiguration section */

/* Begin XCConfigurationList section */
		AF4246872245F89D004952C8 /* Build configuration list for PBXProject "BlessMpa" */ = {
			isa = XCConfigurationList;
			buildConfigurations = (
				AF42469C2245F8A4004952C8 /* Debug */,
				AF42469D2245F8A4004952C8 /* Release */,
			);
			defaultConfigurationIsVisible = 0;
			defaultConfigurationName = Release;
		};
		AF42469E2245F8A4004952C8 /* Build configuration list for PBXNativeTarget "BlessMpa" */ = {
			isa = XCConfigurationList;
			buildConfigurations = (
				AF42469F2245F8A4004952C8 /* Debug */,
				AF4246A02245F8A4004952C8 /* Release */,
			);
			defaultConfigurationIsVisible = 0;
			defaultConfigurationName = Release;
		};
/* End XCConfigurationList section */

/* Begin XCVersionGroup section */
		AFC4B88022463F5F0007895C /* TempleList.xcdatamodeld */ = {
			isa = XCVersionGroup;
			children = (
				AFC4B88122463F5F0007895C /* TempleList.xcdatamodel */,
			);
			currentVersion = AFC4B88122463F5F0007895C /* TempleList.xcdatamodel */;
			path = TempleList.xcdatamodeld;
			sourceTree = "<group>";
			versionGroupType = wrapper.xcdatamodel;
		};
/* End XCVersionGroup section */
	};
	rootObject = AF4246842245F89D004952C8 /* Project object */;
}
